
Microsoft Visual Studio Solution File, Format Version 12.00
# Visual Studio 14
VisualStudioVersion = 14.0.23107.0
MinimumVisualStudioVersion = 10.0.40219.1
Project("{FAE04EC0-301F-11D3-BF4B-00C04F79EFBC}") = "VkAPILib", "VkAPILib\VkAPILib.csproj", "{3EF39EE5-B624-4886-ACDD-68C080BD89DF}"
EndProject
Project("{FAE04EC0-301F-11D3-BF4B-00C04F79EFBC}") = "VkUtil", "VkUtil\VkUtil.csproj", "{0B3317F8-C1E3-445C-8E32-076E72C006F8}"
EndProject
Global
	GlobalSection(SolutionConfigurationPlatforms) = preSolution
		Debug|Any CPU = Debug|Any CPU
		Release|Any CPU = Release|Any CPU
	EndGlobalSection
	GlobalSection(ProjectConfigurationPlatforms) = postSolution
		{3EF39EE5-B624-4886-ACDD-68C080BD89DF}.Debug|Any CPU.ActiveCfg = Debug|Any CPU
		{3EF39EE5-B624-4886-ACDD-68C080BD89DF}.Debug|Any CPU.Build.0 = Debug|Any CPU
		{3EF39EE5-B624-4886-ACDD-68C080BD89DF}.Release|Any CPU.ActiveCfg = Release|Any CPU
		{3EF39EE5-B624-4886-ACDD-68C080BD89DF}.Release|Any CPU.Build.0 = Release|Any CPU
		{0B3317F8-C1E3-445C-8E32-076E72C006F8}.Debug|Any CPU.ActiveCfg = Debug|Any CPU
		{0B3317F8-C1E3-445C-8E32-076E72C006F8}.Debug|Any CPU.Build.0 = Debug|Any CPU
		{0B3317F8-C1E3-445C-8E32-076E72C006F8}.Release|Any CPU.ActiveCfg = Release|Any CPU
		{0B3317F8-C1E3-445C-8E32-076E72C006F8}.Release|Any CPU.Build.0 = Release|Any CPU
	EndGlobalSection
	GlobalSection(SolutionProperties) = preSolution
		HideSolutionNode = FALSE
	EndGlobalSection
EndGlobal
